
Microsoft Visual Studio Solution File, Format Version 12.00
# Visual Studio Version 17
VisualStudioVersion = 17.11.35327.3
MinimumVisualStudioVersion = 10.0.40219.1
Project("{FAE04EC0-301F-11D3-BF4B-00C04F79EFBC}") = "ProductCatalog", "ProductCatalog\ProductCatalog.csproj", "{C76A29DC-0585-4F17-958D-B1A7B15F0C8E}"
EndProject
Global
	GlobalSection(SolutionConfigurationPlatforms) = preSolution
		Debug|Any CPU = Debug|Any CPU
		Release|Any CPU = Release|Any CPU
	EndGlobalSection
	GlobalSection(ProjectConfigurationPlatforms) = postSolution
		{C76A29DC-0585-4F17-958D-B1A7B15F0C8E}.Debug|Any CPU.ActiveCfg = Debug|Any CPU
		{C76A29DC-0585-4F17-958D-B1A7B15F0C8E}.Debug|Any CPU.Build.0 = Debug|Any CPU
		{C76A29DC-0585-4F17-958D-B1A7B15F0C8E}.Release|Any CPU.ActiveCfg = Release|Any CPU
		{C76A29DC-0585-4F17-958D-B1A7B15F0C8E}.Release|Any CPU.Build.0 = Release|Any CPU
	EndGlobalSection
	GlobalSection(SolutionProperties) = preSolution
		HideSolutionNode = FALSE
	EndGlobalSection
	GlobalSection(ExtensibilityGlobals) = postSolution
		SolutionGuid = {A721ACF6-C0B4-46DF-AFD8-F1A05525A147}
	EndGlobalSection
EndGlobal
